
Microsoft Visual Studio Solution File, Format Version 12.00
Project("{FAE04EC0-301F-11D3-BF4B-00C04F79EFBC}") = "SickDiary.Web", "SickDiary.Web\SickDiary.Web.csproj", "{64D133ED-09AA-4172-8320-354600CC06F2}"
EndProject
Project("{FAE04EC0-301F-11D3-BF4B-00C04F79EFBC}") = "SickDiary.DL", "SickDiary.DL\SickDiary.DL.csproj", "{C7F2CD1F-538C-4FB3-9FBE-D224DDD73935}"
EndProject
Project("{FAE04EC0-301F-11D3-BF4B-00C04F79EFBC}") = "SickDiary.BL", "SickDiary.BL\SickDiary.BL.csproj", "{F936C31F-68A1-4533-9E1A-FC9477FD4784}"
EndProject
Global
	GlobalSection(SolutionConfigurationPlatforms) = preSolution
		Debug|Any CPU = Debug|Any CPU
		Release|Any CPU = Release|Any CPU
	EndGlobalSection
	GlobalSection(ProjectConfigurationPlatforms) = postSolution
		{64D133ED-09AA-4172-8320-354600CC06F2}.Debug|Any CPU.ActiveCfg = Debug|Any CPU
		{64D133ED-09AA-4172-8320-354600CC06F2}.Debug|Any CPU.Build.0 = Debug|Any CPU
		{64D133ED-09AA-4172-8320-354600CC06F2}.Release|Any CPU.ActiveCfg = Release|Any CPU
		{64D133ED-09AA-4172-8320-354600CC06F2}.Release|Any CPU.Build.0 = Release|Any CPU
		{C7F2CD1F-538C-4FB3-9FBE-D224DDD73935}.Debug|Any CPU.ActiveCfg = Debug|Any CPU
		{C7F2CD1F-538C-4FB3-9FBE-D224DDD73935}.Debug|Any CPU.Build.0 = Debug|Any CPU
		{C7F2CD1F-538C-4FB3-9FBE-D224DDD73935}.Release|Any CPU.ActiveCfg = Release|Any CPU
		{C7F2CD1F-538C-4FB3-9FBE-D224DDD73935}.Release|Any CPU.Build.0 = Release|Any CPU
		{F936C31F-68A1-4533-9E1A-FC9477FD4784}.Debug|Any CPU.ActiveCfg = Debug|Any CPU
		{F936C31F-68A1-4533-9E1A-FC9477FD4784}.Debug|Any CPU.Build.0 = Debug|Any CPU
		{F936C31F-68A1-4533-9E1A-FC9477FD4784}.Release|Any CPU.ActiveCfg = Release|Any CPU
		{F936C31F-68A1-4533-9E1A-FC9477FD4784}.Release|Any CPU.Build.0 = Release|Any CPU
	EndGlobalSection
EndGlobal
